
Microsoft Visual Studio Solution File, Format Version 12.00
# Visual Studio Version 16
VisualStudioVersion = 16.0.29920.165
MinimumVisualStudioVersion = 10.0.40219.1
Project("{FAE04EC0-301F-11D3-BF4B-00C04F79EFBC}") = "statmathPostgreSample", "statmathPostgreSample.csproj", "{F2DAE514-082C-48CC-817F-CC5827258F67}"
EndProject
Global
	GlobalSection(SolutionConfigurationPlatforms) = preSolution
		Debug|Any CPU = Debug|Any CPU
		Release|Any CPU = Release|Any CPU
	EndGlobalSection
	GlobalSection(ProjectConfigurationPlatforms) = postSolution
		{F2DAE514-082C-48CC-817F-CC5827258F67}.Debug|Any CPU.ActiveCfg = Debug|Any CPU
		{F2DAE514-082C-48CC-817F-CC5827258F67}.Debug|Any CPU.Build.0 = Debug|Any CPU
		{F2DAE514-082C-48CC-817F-CC5827258F67}.Release|Any CPU.ActiveCfg = Release|Any CPU
		{F2DAE514-082C-48CC-817F-CC5827258F67}.Release|Any CPU.Build.0 = Release|Any CPU
	EndGlobalSection
	GlobalSection(SolutionProperties) = preSolution
		HideSolutionNode = FALSE
	EndGlobalSection
	GlobalSection(ExtensibilityGlobals) = postSolution
		SolutionGuid = {1EA4F5CB-A738-411F-A495-85F208964220}
	EndGlobalSection
EndGlobal
